
Microsoft Visual Studio Solution File, Format Version 12.00
# Visual Studio Version 17
VisualStudioVersion = 17.7.34221.43
MinimumVisualStudioVersion = 10.0.40219.1
Project("{FAE04EC0-301F-11D3-BF4B-00C04F79EFBC}") = "AngularBevgobs", "AngularBevgobs\AngularBevgobs.csproj", "{6316A862-4D2D-479B-A25C-476B1F8225EE}"
EndProject
Global
	GlobalSection(SolutionConfigurationPlatforms) = preSolution
		Debug|Any CPU = Debug|Any CPU
		Release|Any CPU = Release|Any CPU
	EndGlobalSection
	GlobalSection(ProjectConfigurationPlatforms) = postSolution
		{6316A862-4D2D-479B-A25C-476B1F8225EE}.Debug|Any CPU.ActiveCfg = Debug|Any CPU
		{6316A862-4D2D-479B-A25C-476B1F8225EE}.Debug|Any CPU.Build.0 = Debug|Any CPU
		{6316A862-4D2D-479B-A25C-476B1F8225EE}.Release|Any CPU.ActiveCfg = Release|Any CPU
		{6316A862-4D2D-479B-A25C-476B1F8225EE}.Release|Any CPU.Build.0 = Release|Any CPU
	EndGlobalSection
	GlobalSection(SolutionProperties) = preSolution
		HideSolutionNode = FALSE
	EndGlobalSection
	GlobalSection(ExtensibilityGlobals) = postSolution
		SolutionGuid = {2CA1C367-1E05-4E01-BA5F-305D1C9FA23D}
	EndGlobalSection
EndGlobal
