# THIS IS AN AUTOGENERATED FILE. DO NOT EDIT THIS FILE DIRECTLY.
# yarn lockfile v1


"@angular/cdk@^16.2.11":
  version "16.2.11"
  resolved "https://registry.yarnpkg.com/@angular/cdk/-/cdk-16.2.11.tgz#5ca115142947c09c06c2dac17e64abd7eb272fbc"
  integrity sha512-FcJ9xd9ptjULdScnBNg7YkVnY9NKePFfmvvs2zt841Hd489L8BUkTUdbvtCLhMJTTSN+k+D+RYFhevZuhPKVVg==
  dependencies:
    tslib "^2.3.0"
  optionalDependencies:
    parse5 "^7.1.2"

"@angular/core@^16.2.12":
  version "16.2.12"
  resolved "https://registry.yarnpkg.com/@angular/core/-/core-16.2.12.tgz#f664204275ee5f5eb46bddc0867e7a514731605f"
  integrity sha512-GLLlDeke/NjroaLYOks0uyzFVo6HyLl7VOm0K1QpLXnYvW63W9Ql/T3yguRZa7tRkOAeFZ3jw+1wnBD4O8MoUA==
  dependencies:
    tslib "^2.3.0"

"@angular/material@^16.2.11":
  version "16.2.11"
  resolved "https://registry.yarnpkg.com/@angular/material/-/material-16.2.11.tgz#ee65e34b5e3d27f7e4bfcceb388a95dd53afaf5e"
  integrity sha512-hrkRD9/38++nIyo3k/KQpxsIaWm+FOJVmoJa83qvwZZt+fHKfT7xaNvRPZ+L2oqFaAvH5ivnL1u1nDuDyWz/0w==
  dependencies:
    "@material/animation" "15.0.0-canary.bc9ae6c9c.0"
    "@material/auto-init" "15.0.0-canary.bc9ae6c9c.0"
    "@material/banner" "15.0.0-canary.bc9ae6c9c.0"
    "@material/base" "15.0.0-canary.bc9ae6c9c.0"
    "@material/button" "15.0.0-canary.bc9ae6c9c.0"
    "@material/card" "15.0.0-canary.bc9ae6c9c.0"
    "@material/checkbox" "15.0.0-canary.bc9ae6c9c.0"
    "@material/chips" "15.0.0-canary.bc9ae6c9c.0"
    "@material/circular-progress" "15.0.0-canary.bc9ae6c9c.0"
    "@material/data-table" "15.0.0-canary.bc9ae6c9c.0"
    "@material/density" "15.0.0-canary.bc9ae6c9c.0"
    "@material/dialog" "15.0.0-canary.bc9ae6c9c.0"
    "@material/dom" "15.0.0-canary.bc9ae6c9c.0"
    "@material/drawer" "15.0.0-canary.bc9ae6c9c.0"
    "@material/elevation" "15.0.0-canary.bc9ae6c9c.0"
    "@material/fab" "15.0.0-canary.bc9ae6c9c.0"
    "@material/feature-targeting" "15.0.0-canary.bc9ae6c9c.0"
    "@material/floating-label" "15.0.0-canary.bc9ae6c9c.0"
    "@material/form-field" "15.0.0-canary.bc9ae6c9c.0"
    "@material/icon-button" "15.0.0-canary.bc9ae6c9c.0"
    "@material/image-list" "15.0.0-canary.bc9ae6c9c.0"
    "@material/layout-grid" "15.0.0-canary.bc9ae6c9c.0"
    "@material/line-ripple" "15.0.0-canary.bc9ae6c9c.0"
    "@material/linear-progress" "15.0.0-canary.bc9ae6c9c.0"
    "@material/list" "15.0.0-canary.bc9ae6c9c.0"
    "@material/menu" "15.0.0-canary.bc9ae6c9c.0"
    "@material/menu-surface" "15.0.0-canary.bc9ae6c9c.0"
    "@material/notched-outline" "15.0.0-canary.bc9ae6c9c.0"
    "@material/radio" "15.0.0-canary.bc9ae6c9c.0"
    "@material/ripple" "15.0.0-canary.bc9ae6c9c.0"
    "@material/rtl" "15.0.0-canary.bc9ae6c9c.0"
    "@material/segmented-button" "15.0.0-canary.bc9ae6c9c.0"
    "@material/select" "15.0.0-canary.bc9ae6c9c.0"
    "@material/shape" "15.0.0-canary.bc9ae6c9c.0"
    "@material/slider" "15.0.0-canary.bc9ae6c9c.0"
    "@material/snackbar" "15.0.0-canary.bc9ae6c9c.0"
    "@material/switch" "15.0.0-canary.bc9ae6c9c.0"
    "@material/tab" "15.0.0-canary.bc9ae6c9c.0"
    "@material/tab-bar" "15.0.0-canary.bc9ae6c9c.0"
    "@material/tab-indicator" "15.0.0-canary.bc9ae6c9c.0"
    "@material/tab-scroller" "15.0.0-canary.bc9ae6c9c.0"
    "@material/textfield" "15.0.0-canary.bc9ae6c9c.0"
    "@material/theme" "15.0.0-canary.bc9ae6c9c.0"
    "@material/tooltip" "15.0.0-canary.bc9ae6c9c.0"
    "@material/top-app-bar" "15.0.0-canary.bc9ae6c9c.0"
    "@material/touch-target" "15.0.0-canary.bc9ae6c9c.0"
    "@material/typography" "15.0.0-canary.bc9ae6c9c.0"
    tslib "^2.3.0"

"@angular/router@^16.2.12":
  version "16.2.12"
  resolved "https://registry.yarnpkg.com/@angular/router/-/router-16.2.12.tgz#2f4cae64ddb7f998832aa340dd3f843cfb85cbc8"
  integrity sha512-aU6QnYSza005V9P3W6PpkieL56O0IHps96DjqI1RS8yOJUl3THmokqYN4Fm5+HXy4f390FN9i6ftadYQDKeWmA==
  dependencies:
    tslib "^2.3.0"

"@material/animation@15.0.0-canary.bc9ae6c9c.0":
  version "15.0.0-canary.bc9ae6c9c.0"
  resolved "https://registry.yarnpkg.com/@material/animation/-/animation-15.0.0-canary.bc9ae6c9c.0.tgz#7c27a42b027fcc2cd9a97c9d3b8f54a16b47333d"
  integrity sha512-leRf+BcZTfC/iSigLXnYgcHAGvFVQveoJT5+2PIRdyPI/bIG7hhciRgacHRsCKC0sGya81dDblLgdkjSUemYLw==
  dependencies:
    tslib "^2.1.0"

"@material/auto-init@15.0.0-canary.bc9ae6c9c.0":
  version "15.0.0-canary.bc9ae6c9c.0"
  resolved "https://registry.yarnpkg.com/@material/auto-init/-/auto-init-15.0.0-canary.bc9ae6c9c.0.tgz#9536732573cbe3db9613683496884592387c1e7b"
  integrity sha512-uxzDq7q3c0Bu1pAsMugc1Ik9ftQYQqZY+5e2ybNplT8gTImJhNt4M2mMiMHbMANk2l3UgICmUyRSomgPBWCPIA==
  dependencies:
    "@material/base" "15.0.0-canary.bc9ae6c9c.0"
    tslib "^2.1.0"

"@material/banner@15.0.0-canary.bc9ae6c9c.0":
  version "15.0.0-canary.bc9ae6c9c.0"
  resolved "https://registry.yarnpkg.com/@material/banner/-/banner-15.0.0-canary.bc9ae6c9c.0.tgz#5b1053ebc4a07bfb5f92f6b457e87cd15ed6ebf7"
  integrity sha512-SHeVoidCUFVhXANN6MNWxK9SZoTSgpIP8GZB7kAl52BywLxtV+FirTtLXkg/8RUkxZRyRWl7HvQ0ZFZa7QQAyA==
  dependencies:
    "@material/base" "15.0.0-canary.bc9ae6c9c.0"
    "@material/button" "15.0.0-canary.bc9ae6c9c.0"
    "@material/dom" "15.0.0-canary.bc9ae6c9c.0"
    "@material/elevation" "15.0.0-canary.bc9ae6c9c.0"
    "@material/feature-targeting" "15.0.0-canary.bc9ae6c9c.0"
    "@material/ripple" "15.0.0-canary.bc9ae6c9c.0"
    "@material/rtl" "15.0.0-canary.bc9ae6c9c.0"
    "@material/shape" "15.0.0-canary.bc9ae6c9c.0"
    "@material/theme" "15.0.0-canary.bc9ae6c9c.0"
    "@material/tokens" "15.0.0-canary.bc9ae6c9c.0"
    "@material/typography" "15.0.0-canary.bc9ae6c9c.0"
    tslib "^2.1.0"

"@material/base@15.0.0-canary.bc9ae6c9c.0":
  version "15.0.0-canary.bc9ae6c9c.0"
  resolved "https://registry.yarnpkg.com/@material/base/-/base-15.0.0-canary.bc9ae6c9c.0.tgz#99f7243759cc6833707f0bb555db723ea78b9eff"
  integrity sha512-Fc3vGuOf+duGo22HTRP6dHdc+MUe0VqQfWOuKrn/wXKD62m0QQR2TqJd3rRhCumH557T5QUyheW943M3E+IGfg==
  dependencies:
    tslib "^2.1.0"

"@material/button@15.0.0-canary.bc9ae6c9c.0":
  version "15.0.0-canary.bc9ae6c9c.0"
  resolved "https://registry.yarnpkg.com/@material/button/-/button-15.0.0-canary.bc9ae6c9c.0.tgz#adb43ffb0bf57cd634a0c31b6a5f26123e78c2c8"
  integrity sha512-3AQgwrPZCTWHDJvwgKq7Cj+BurQ4wTjDdGL+FEnIGUAjJDskwi1yzx5tW2Wf/NxIi7IoPFyOY3UB41jwMiOrnw==
  dependencies:
    "@material/density" "15.0.0-canary.bc9ae6c9c.0"
    "@material/dom" "15.0.0-canary.bc9ae6c9c.0"
    "@material/elevation" "15.0.0-canary.bc9ae6c9c.0"
    "@material/feature-targeting" "15.0.0-canary.bc9ae6c9c.0"
    "@material/focus-ring" "15.0.0-canary.bc9ae6c9c.0"
    "@material/ripple" "15.0.0-canary.bc9ae6c9c.0"
    "@material/rtl" "15.0.0-canary.bc9ae6c9c.0"
    "@material/shape" "15.0.0-canary.bc9ae6c9c.0"
    "@material/theme" "15.0.0-canary.bc9ae6c9c.0"
    "@material/tokens" "15.0.0-canary.bc9ae6c9c.0"
    "@material/touch-target" "15.0.0-canary.bc9ae6c9c.0"
    "@material/typography" "15.0.0-canary.bc9ae6c9c.0"
    tslib "^2.1.0"

"@material/card@15.0.0-canary.bc9ae6c9c.0":
  version "15.0.0-canary.bc9ae6c9c.0"
  resolved "https://registry.yarnpkg.com/@material/card/-/card-15.0.0-canary.bc9ae6c9c.0.tgz#772ba3d7397335740c3c2058f039be82696aa884"
  integrity sha512-nPlhiWvbLmooTnBmV5gmzB0eLWSgLKsSRBYAbIBmO76Okgz1y+fQNLag+lpm/TDaHVsn5fmQJH8e0zIg0rYsQA==
  dependencies:
    "@material/dom" "15.0.0-canary.bc9ae6c9c.0"
    "@material/elevation" "15.0.0-canary.bc9ae6c9c.0"
    "@material/feature-targeting" "15.0.0-canary.bc9ae6c9c.0"
    "@material/ripple" "15.0.0-canary.bc9ae6c9c.0"
    "@material/rtl" "15.0.0-canary.bc9ae6c9c.0"
    "@material/shape" "15.0.0-canary.bc9ae6c9c.0"
    "@material/theme" "15.0.0-canary.bc9ae6c9c.0"
    "@material/tokens" "15.0.0-canary.bc9ae6c9c.0"
    tslib "^2.1.0"

"@material/checkbox@15.0.0-canary.bc9ae6c9c.0":
  version "15.0.0-canary.bc9ae6c9c.0"
  resolved "https://registry.yarnpkg.com/@material/checkbox/-/checkbox-15.0.0-canary.bc9ae6c9c.0.tgz#b13784c068b137386c43ae409517176b986c5d49"
  integrity sha512-4tpNnO1L0IppoMF3oeQn8F17t2n0WHB0D7mdJK9rhrujen/fLbekkIC82APB3fdGtLGg3qeNqDqPsJm1YnmrwA==
  dependencies:
    "@material/animation" "15.0.0-canary.bc9ae6c9c.0"
    "@material/base" "15.0.0-canary.bc9ae6c9c.0"
    "@material/density" "15.0.0-canary.bc9ae6c9c.0"
    "@material/dom" "15.0.0-canary.bc9ae6c9c.0"
    "@material/feature-targeting" "15.0.0-canary.bc9ae6c9c.0"
    "@material/focus-ring" "15.0.0-canary.bc9ae6c9c.0"
    "@material/ripple" "15.0.0-canary.bc9ae6c9c.0"
    "@material/rtl" "15.0.0-canary.bc9ae6c9c.0"
    "@material/theme" "15.0.0-canary.bc9ae6c9c.0"
    "@material/touch-target" "15.0.0-canary.bc9ae6c9c.0"
    tslib "^2.1.0"

"@material/chips@15.0.0-canary.bc9ae6c9c.0":
  version "15.0.0-canary.bc9ae6c9c.0"
  resolved "https://registry.yarnpkg.com/@material/chips/-/chips-15.0.0-canary.bc9ae6c9c.0.tgz#a77ee7bf8ea9146156996c5632496ebca27520e9"
  integrity sha512-fqHKvE5bSWK0bXVkf57MWxZtytGqYBZvvHIOs4JI9HPHEhaJy4CpSw562BEtbm3yFxxALoQknvPW2KYzvADnmA==
  dependencies:
    "@material/animation" "15.0.0-canary.bc9ae6c9c.0"
    "@material/base" "15.0.0-canary.bc9ae6c9c.0"
    "@material/checkbox" "15.0.0-canary.bc9ae6c9c.0"
    "@material/density" "15.0.0-canary.bc9ae6c9c.0"
    "@material/dom" "15.0.0-canary.bc9ae6c9c.0"
    "@material/elevation" "15.0.0-canary.bc9ae6c9c.0"
    "@material/feature-targeting" "15.0.0-canary.bc9ae6c9c.0"
    "@material/focus-ring" "15.0.0-canary.bc9ae6c9c.0"
    "@material/ripple" "15.0.0-canary.bc9ae6c9c.0"
    "@material/rtl" "15.0.0-canary.bc9ae6c9c.0"
    "@material/shape" "15.0.0-canary.bc9ae6c9c.0"
    "@material/theme" "15.0.0-canary.bc9ae6c9c.0"
    "@material/tokens" "15.0.0-canary.bc9ae6c9c.0"
    "@material/touch-target" "15.0.0-canary.bc9ae6c9c.0"
    "@material/typography" "15.0.0-canary.bc9ae6c9c.0"
    safevalues "^0.3.4"
    tslib "^2.1.0"

"@material/circular-progress@15.0.0-canary.bc9ae6c9c.0":
  version "15.0.0-canary.bc9ae6c9c.0"
  resolved "https://registry.yarnpkg.com/@material/circular-progress/-/circular-progress-15.0.0-canary.bc9ae6c9c.0.tgz#800cb10a3a66f125a5ed8d4ae9fffdf236da5984"
  integrity sha512-Lxe8BGAxQwCQqrLhrYrIP0Uok10h7aYS3RBXP41ph+5GmwJd5zdyE2t93qm2dyThvU6qKuXw9726Dtq/N+wvZQ==
  dependencies:
    "@material/animation" "15.0.0-canary.bc9ae6c9c.0"
    "@material/base" "15.0.0-canary.bc9ae6c9c.0"
    "@material/dom" "15.0.0-canary.bc9ae6c9c.0"
    "@material/feature-targeting" "15.0.0-canary.bc9ae6c9c.0"
    "@material/progress-indicator" "15.0.0-canary.bc9ae6c9c.0"
    "@material/rtl" "15.0.0-canary.bc9ae6c9c.0"
    "@material/theme" "15.0.0-canary.bc9ae6c9c.0"
    tslib "^2.1.0"

"@material/data-table@15.0.0-canary.bc9ae6c9c.0":
  version "15.0.0-canary.bc9ae6c9c.0"
  resolved "https://registry.yarnpkg.com/@material/data-table/-/data-table-15.0.0-canary.bc9ae6c9c.0.tgz#0b5b51ed771f9bba8a1b4746448dec25000325c1"
  integrity sha512-j/7qplT9+sUpfe4pyWhPbl01qJA+OoNAG3VMJruBBR461ZBKyTi7ssKH9yksFGZ8eCEPkOsk/+kDxsiZvRWkeQ==
  dependencies:
    "@material/animation" "15.0.0-canary.bc9ae6c9c.0"
    "@material/base" "15.0.0-canary.bc9ae6c9c.0"
    "@material/checkbox" "15.0.0-canary.bc9ae6c9c.0"
    "@material/density" "15.0.0-canary.bc9ae6c9c.0"
    "@material/dom" "15.0.0-canary.bc9ae6c9c.0"
    "@material/elevation" "15.0.0-canary.bc9ae6c9c.0"
    "@material/feature-targeting" "15.0.0-canary.bc9ae6c9c.0"
    "@material/icon-button" "15.0.0-canary.bc9ae6c9c.0"
    "@material/linear-progress" "15.0.0-canary.bc9ae6c9c.0"
    "@material/list" "15.0.0-canary.bc9ae6c9c.0"
    "@material/menu" "15.0.0-canary.bc9ae6c9c.0"
    "@material/rtl" "15.0.0-canary.bc9ae6c9c.0"
    "@material/select" "15.0.0-canary.bc9ae6c9c.0"
    "@material/shape" "15.0.0-canary.bc9ae6c9c.0"
    "@material/theme" "15.0.0-canary.bc9ae6c9c.0"
    "@material/tokens" "15.0.0-canary.bc9ae6c9c.0"
    "@material/touch-target" "15.0.0-canary.bc9ae6c9c.0"
    "@material/typography" "15.0.0-canary.bc9ae6c9c.0"
    tslib "^2.1.0"

"@material/density@15.0.0-canary.bc9ae6c9c.0":
  version "15.0.0-canary.bc9ae6c9c.0"
  resolved "https://registry.yarnpkg.com/@material/density/-/density-15.0.0-canary.bc9ae6c9c.0.tgz#83d7ef248a8d1818cddb01bcbfc947ab0ae6a952"
  integrity sha512-Zt3u07fXrBWLW06Tl5fgvjicxNQMkFdawLyNTzZ5TvbXfVkErILLePwwGaw8LNcvzqJP6ABLA8jiR+sKNoJQCg==
  dependencies:
    tslib "^2.1.0"

"@material/dialog@15.0.0-canary.bc9ae6c9c.0":
  version "15.0.0-canary.bc9ae6c9c.0"
  resolved "https://registry.yarnpkg.com/@material/dialog/-/dialog-15.0.0-canary.bc9ae6c9c.0.tgz#a12e676c9d41009a1f4d5617f386d6b00d6ecdf0"
  integrity sha512-o+9a/fmwJ9+gY3Z/uhj/PMVJDq7it1NTWKJn2GwAKdB+fDkT4hb9qEdcxMPyvJJ5ups+XiKZo03+tZrD+38c1w==
  dependencies:
    "@material/animation" "15.0.0-canary.bc9ae6c9c.0"
    "@material/base" "15.0.0-canary.bc9ae6c9c.0"
    "@material/button" "15.0.0-canary.bc9ae6c9c.0"
    "@material/dom" "15.0.0-canary.bc9ae6c9c.0"
    "@material/elevation" "15.0.0-canary.bc9ae6c9c.0"
    "@material/feature-targeting" "15.0.0-canary.bc9ae6c9c.0"
    "@material/icon-button" "15.0.0-canary.bc9ae6c9c.0"
    "@material/ripple" "15.0.0-canary.bc9ae6c9c.0"
    "@material/rtl" "15.0.0-canary.bc9ae6c9c.0"
    "@material/shape" "15.0.0-canary.bc9ae6c9c.0"
    "@material/theme" "15.0.0-canary.bc9ae6c9c.0"
    "@material/tokens" "15.0.0-canary.bc9ae6c9c.0"
    "@material/touch-target" "15.0.0-canary.bc9ae6c9c.0"
    "@material/typography" "15.0.0-canary.bc9ae6c9c.0"
    tslib "^2.1.0"

"@material/dom@15.0.0-canary.bc9ae6c9c.0":
  version "15.0.0-canary.bc9ae6c9c.0"
  resolved "https://registry.yarnpkg.com/@material/dom/-/dom-15.0.0-canary.bc9ae6c9c.0.tgz#960d25fdfed237c542560278465edb9c33ed44ec"
  integrity sha512-ly78R7aoCJtundSUu0UROU+5pQD5Piae0Y1MkN6bs0724azeazX1KeXFeaf06JOXnlr5/41ol+fSUPowjoqnOg==
  dependencies:
    "@material/feature-targeting" "15.0.0-canary.bc9ae6c9c.0"
    "@material/rtl" "15.0.0-canary.bc9ae6c9c.0"
    tslib "^2.1.0"

"@material/drawer@15.0.0-canary.bc9ae6c9c.0":
  version "15.0.0-canary.bc9ae6c9c.0"
  resolved "https://registry.yarnpkg.com/@material/drawer/-/drawer-15.0.0-canary.bc9ae6c9c.0.tgz#68838f1a12ddd2bb56795bd187d0ce0192689ce5"
  integrity sha512-PFL4cEFnt7VTxDsuspFVNhsFDYyumjU0VWfj3PWB7XudsEfQ3lo85D3HCEtTTbRsCainGN8bgYNDNafLBqiigw==
  dependencies:
    "@material/animation" "15.0.0-canary.bc9ae6c9c.0"
    "@material/base" "15.0.0-canary.bc9ae6c9c.0"
    "@material/dom" "15.0.0-canary.bc9ae6c9c.0"
    "@material/elevation" "15.0.0-canary.bc9ae6c9c.0"
    "@material/feature-targeting" "15.0.0-canary.bc9ae6c9c.0"
    "@material/list" "15.0.0-canary.bc9ae6c9c.0"
    "@material/ripple" "15.0.0-canary.bc9ae6c9c.0"
    "@material/rtl" "15.0.0-canary.bc9ae6c9c.0"
    "@material/shape" "15.0.0-canary.bc9ae6c9c.0"
    "@material/theme" "15.0.0-canary.bc9ae6c9c.0"
    "@material/typography" "15.0.0-canary.bc9ae6c9c.0"
    tslib "^2.1.0"

"@material/elevation@15.0.0-canary.bc9ae6c9c.0":
  version "15.0.0-canary.bc9ae6c9c.0"
  resolved "https://registry.yarnpkg.com/@material/elevation/-/elevation-15.0.0-canary.bc9ae6c9c.0.tgz#d8ca5f4b1f387c95326a6220a21178d4e965b30c"
  integrity sha512-Ro+Pk8jFuap+T0B0shA3xI1hs2b89dNQ2EIPCNjNMp87emHKAzJfhKb7EZGIwv3+gFLlVaLyIVkb94I89KLsyg==
  dependencies:
    "@material/animation" "15.0.0-canary.bc9ae6c9c.0"
    "@material/base" "15.0.0-canary.bc9ae6c9c.0"
    "@material/feature-targeting" "15.0.0-canary.bc9ae6c9c.0"
    "@material/rtl" "15.0.0-canary.bc9ae6c9c.0"
    "@material/theme" "15.0.0-canary.bc9ae6c9c.0"
    tslib "^2.1.0"

"@material/fab@15.0.0-canary.bc9ae6c9c.0":
  version "15.0.0-canary.bc9ae6c9c.0"
  resolved "https://registry.yarnpkg.com/@material/fab/-/fab-15.0.0-canary.bc9ae6c9c.0.tgz#7e75ae184555a6568e882e854657ad1515b34c00"
  integrity sha512-dvU0KWMRglwJEQwmQtFAmJcAjzg9VFF6Aqj78bJYu/DAIGFJ1VTTTSgoXM/XCm1YyQEZ7kZRvxBO37CH54rSDg==
  dependencies:
    "@material/animation" "15.0.0-canary.bc9ae6c9c.0"
    "@material/dom" "15.0.0-canary.bc9ae6c9c.0"
    "@material/elevation" "15.0.0-canary.bc9ae6c9c.0"
    "@material/feature-targeting" "15.0.0-canary.bc9ae6c9c.0"
    "@material/focus-ring" "15.0.0-canary.bc9ae6c9c.0"
    "@material/ripple" "15.0.0-canary.bc9ae6c9c.0"
    "@material/rtl" "15.0.0-canary.bc9ae6c9c.0"
    "@material/shape" "15.0.0-canary.bc9ae6c9c.0"
    "@material/theme" "15.0.0-canary.bc9ae6c9c.0"
    "@material/tokens" "15.0.0-canary.bc9ae6c9c.0"
    "@material/touch-target" "15.0.0-canary.bc9ae6c9c.0"
    "@material/typography" "15.0.0-canary.bc9ae6c9c.0"
    tslib "^2.1.0"

"@material/feature-targeting@15.0.0-canary.bc9ae6c9c.0":
  version "15.0.0-canary.bc9ae6c9c.0"
  resolved "https://registry.yarnpkg.com/@material/feature-targeting/-/feature-targeting-15.0.0-canary.bc9ae6c9c.0.tgz#f5fd69774664f20f176b3825072d7f2e48de7621"
  integrity sha512-wkDjVcoVEYYaJvun28IXdln/foLgPD7n9ZC9TY76GErGCwTq+HWpU6wBAAk+ePmpRFDayw4vI4wBlaWGxLtysQ==
  dependencies:
    tslib "^2.1.0"

"@material/floating-label@15.0.0-canary.bc9ae6c9c.0":
  version "15.0.0-canary.bc9ae6c9c.0"
  resolved "https://registry.yarnpkg.com/@material/floating-label/-/floating-label-15.0.0-canary.bc9ae6c9c.0.tgz#b1245304edd6dbeedeae0499f292e79f8b2c479a"
  integrity sha512-bUWPtXzZITOD/2mkvLkEPO1ngDWmb74y0Kgbz6llHLOQBtycyJIpuoQJ1q2Ez0NM/tFLwPphhAgRqmL3YQ/Kzw==
  dependencies:
    "@material/animation" "15.0.0-canary.bc9ae6c9c.0"
    "@material/base" "15.0.0-canary.bc9ae6c9c.0"
    "@material/dom" "15.0.0-canary.bc9ae6c9c.0"
    "@material/feature-targeting" "15.0.0-canary.bc9ae6c9c.0"
    "@material/rtl" "15.0.0-canary.bc9ae6c9c.0"
    "@material/theme" "15.0.0-canary.bc9ae6c9c.0"
    "@material/typography" "15.0.0-canary.bc9ae6c9c.0"
    tslib "^2.1.0"

"@material/focus-ring@15.0.0-canary.bc9ae6c9c.0":
  version "15.0.0-canary.bc9ae6c9c.0"
  resolved "https://registry.yarnpkg.com/@material/focus-ring/-/focus-ring-15.0.0-canary.bc9ae6c9c.0.tgz#063396eefa5638edbbf99ac713c1087da1f8434c"
  integrity sha512-cZHThVose3GvAlJzpJoBI1iqL6d1/Jj9hXrR+r8Mwtb1hBIUEG3hxfsRd4vGREuzROPlf0OgNf/V+YHoSwgR5w==
  dependencies:
    "@material/dom" "15.0.0-canary.bc9ae6c9c.0"
    "@material/feature-targeting" "15.0.0-canary.bc9ae6c9c.0"
    "@material/rtl" "15.0.0-canary.bc9ae6c9c.0"

"@material/form-field@15.0.0-canary.bc9ae6c9c.0":
  version "15.0.0-canary.bc9ae6c9c.0"
  resolved "https://registry.yarnpkg.com/@material/form-field/-/form-field-15.0.0-canary.bc9ae6c9c.0.tgz#76d23e14f910a28081ccb438e094e04bbffadf19"
  integrity sha512-+JFXy5X44Gue1CbZZAQ6YejnI203lebYwL0i6k0ylDpWHEOdD5xkF2PyHR28r9/65Ebcbwbff6q7kI1SGoT7MA==
  dependencies:
    "@material/base" "15.0.0-canary.bc9ae6c9c.0"
    "@material/feature-targeting" "15.0.0-canary.bc9ae6c9c.0"
    "@material/ripple" "15.0.0-canary.bc9ae6c9c.0"
    "@material/rtl" "15.0.0-canary.bc9ae6c9c.0"
    "@material/theme" "15.0.0-canary.bc9ae6c9c.0"
    "@material/typography" "15.0.0-canary.bc9ae6c9c.0"
    tslib "^2.1.0"

"@material/icon-button@15.0.0-canary.bc9ae6c9c.0":
  version "15.0.0-canary.bc9ae6c9c.0"
  resolved "https://registry.yarnpkg.com/@material/icon-button/-/icon-button-15.0.0-canary.bc9ae6c9c.0.tgz#67246733d5e1aef1953208d3dfac01425d560ede"
  integrity sha512-1a0MHgyIwOs4RzxrVljsqSizGYFlM1zY2AZaLDsgT4G3kzsplTx8HZQ022GpUCjAygW+WLvg4z1qAhQHvsbqlw==
  dependencies:
    "@material/base" "15.0.0-canary.bc9ae6c9c.0"
    "@material/density" "15.0.0-canary.bc9ae6c9c.0"
    "@material/dom" "15.0.0-canary.bc9ae6c9c.0"
    "@material/elevation" "15.0.0-canary.bc9ae6c9c.0"
    "@material/feature-targeting" "15.0.0-canary.bc9ae6c9c.0"
    "@material/focus-ring" "15.0.0-canary.bc9ae6c9c.0"
    "@material/ripple" "15.0.0-canary.bc9ae6c9c.0"
    "@material/rtl" "15.0.0-canary.bc9ae6c9c.0"
    "@material/theme" "15.0.0-canary.bc9ae6c9c.0"
    "@material/touch-target" "15.0.0-canary.bc9ae6c9c.0"
    tslib "^2.1.0"

"@material/image-list@15.0.0-canary.bc9ae6c9c.0":
  version "15.0.0-canary.bc9ae6c9c.0"
  resolved "https://registry.yarnpkg.com/@material/image-list/-/image-list-15.0.0-canary.bc9ae6c9c.0.tgz#9a765ec6caa7e4761a19048679912abc759d7988"
  integrity sha512-WKWmiYap2iu4QdqmeUSliLlN4O2Ueqa0OuVAYHn/TCzmQ2xmnhZ1pvDLbs6TplpOmlki7vFfe+aSt5SU9gwfOQ==
  dependencies:
    "@material/feature-targeting" "15.0.0-canary.bc9ae6c9c.0"
    "@material/shape" "15.0.0-canary.bc9ae6c9c.0"
    "@material/theme" "15.0.0-canary.bc9ae6c9c.0"
    "@material/typography" "15.0.0-canary.bc9ae6c9c.0"
    tslib "^2.1.0"

"@material/layout-grid@15.0.0-canary.bc9ae6c9c.0":
  version "15.0.0-canary.bc9ae6c9c.0"
  resolved "https://registry.yarnpkg.com/@material/layout-grid/-/layout-grid-15.0.0-canary.bc9ae6c9c.0.tgz#44f972c0975baa36e14c8d82b69957b7e59c25d3"
  integrity sha512-5GqmT6oTZhUGWIb+CLD0ZNyDyTiJsr/rm9oRIi3+vCujACwxFkON9tzBlZohdtFS16nuzUusthN6Jt9UrJcN6Q==
  dependencies:
    tslib "^2.1.0"

"@material/line-ripple@15.0.0-canary.bc9ae6c9c.0":
  version "15.0.0-canary.bc9ae6c9c.0"
  resolved "https://registry.yarnpkg.com/@material/line-ripple/-/line-ripple-15.0.0-canary.bc9ae6c9c.0.tgz#0de6f3f4bcca06056ab0dec23a84a7a99fb0ecc4"
  integrity sha512-8S30WXEuUdgDdBulzUDlPXD6qMzwCX9SxYb5mGDYLwl199cpSGdXHtGgEcCjokvnpLhdZhcT1Dsxeo1g2Evh5Q==
  dependencies:
    "@material/animation" "15.0.0-canary.bc9ae6c9c.0"
    "@material/base" "15.0.0-canary.bc9ae6c9c.0"
    "@material/feature-targeting" "15.0.0-canary.bc9ae6c9c.0"
    "@material/theme" "15.0.0-canary.bc9ae6c9c.0"
    tslib "^2.1.0"

"@material/linear-progress@15.0.0-canary.bc9ae6c9c.0":
  version "15.0.0-canary.bc9ae6c9c.0"
  resolved "https://registry.yarnpkg.com/@material/linear-progress/-/linear-progress-15.0.0-canary.bc9ae6c9c.0.tgz#12650b19c776542b0b084792ca1d6894dbd54cf4"
  integrity sha512-6EJpjrz6aoH2/gXLg9iMe0yF2C42hpQyZoHpmcgTLKeci85ktDvJIjwup8tnk8ULQyFiGiIrhXw2v2RSsiFjvQ==
  dependencies:
    "@material/animation" "15.0.0-canary.bc9ae6c9c.0"
    "@material/base" "15.0.0-canary.bc9ae6c9c.0"
    "@material/dom" "15.0.0-canary.bc9ae6c9c.0"
    "@material/feature-targeting" "15.0.0-canary.bc9ae6c9c.0"
    "@material/progress-indicator" "15.0.0-canary.bc9ae6c9c.0"
    "@material/rtl" "15.0.0-canary.bc9ae6c9c.0"
    "@material/theme" "15.0.0-canary.bc9ae6c9c.0"
    tslib "^2.1.0"

"@material/list@15.0.0-canary.bc9ae6c9c.0":
  version "15.0.0-canary.bc9ae6c9c.0"
  resolved "https://registry.yarnpkg.com/@material/list/-/list-15.0.0-canary.bc9ae6c9c.0.tgz#daaf0ca8cb9b68fb2df0877c12571741b8098ddb"
  integrity sha512-TQ1ppqiCMQj/P7bGD4edbIIv4goczZUoiUAaPq/feb1dflvrFMzYqJ7tQRRCyBL8nRhJoI2x99tk8Q2RXvlGUQ==
  dependencies:
    "@material/base" "15.0.0-canary.bc9ae6c9c.0"
    "@material/density" "15.0.0-canary.bc9ae6c9c.0"
    "@material/dom" "15.0.0-canary.bc9ae6c9c.0"
    "@material/feature-targeting" "15.0.0-canary.bc9ae6c9c.0"
    "@material/ripple" "15.0.0-canary.bc9ae6c9c.0"
    "@material/rtl" "15.0.0-canary.bc9ae6c9c.0"
    "@material/shape" "15.0.0-canary.bc9ae6c9c.0"
    "@material/theme" "15.0.0-canary.bc9ae6c9c.0"
    "@material/tokens" "15.0.0-canary.bc9ae6c9c.0"
    "@material/typography" "15.0.0-canary.bc9ae6c9c.0"
    tslib "^2.1.0"

"@material/menu-surface@15.0.0-canary.bc9ae6c9c.0":
  version "15.0.0-canary.bc9ae6c9c.0"
  resolved "https://registry.yarnpkg.com/@material/menu-surface/-/menu-surface-15.0.0-canary.bc9ae6c9c.0.tgz#213cc9b251e626c54e1f799b3b52d74659b3c549"
  integrity sha512-dMtSPN+olTWE+08M5qe4ea1IZOhVryYqzK0Gyb2u1G75rSArUxCOB5rr6OC/ST3Mq3RS6zGuYo7srZt4534K9Q==
  dependencies:
    "@material/animation" "15.0.0-canary.bc9ae6c9c.0"
    "@material/base" "15.0.0-canary.bc9ae6c9c.0"
    "@material/elevation" "15.0.0-canary.bc9ae6c9c.0"
    "@material/feature-targeting" "15.0.0-canary.bc9ae6c9c.0"
    "@material/rtl" "15.0.0-canary.bc9ae6c9c.0"
    "@material/shape" "15.0.0-canary.bc9ae6c9c.0"
    "@material/theme" "15.0.0-canary.bc9ae6c9c.0"
    tslib "^2.1.0"

"@material/menu@15.0.0-canary.bc9ae6c9c.0":
  version "15.0.0-canary.bc9ae6c9c.0"
  resolved "https://registry.yarnpkg.com/@material/menu/-/menu-15.0.0-canary.bc9ae6c9c.0.tgz#162fbd5b608fbf6edd4a65b3963db947c0e4c96b"
  integrity sha512-IlAh61xzrzxXs38QZlt74UYt8J431zGznSzDtB1Fqs6YFNd11QPKoiRXn1J2Qu/lUxbFV7i8NBKMCKtia0n6/Q==
  dependencies:
    "@material/base" "15.0.0-canary.bc9ae6c9c.0"
    "@material/dom" "15.0.0-canary.bc9ae6c9c.0"
    "@material/elevation" "15.0.0-canary.bc9ae6c9c.0"
    "@material/feature-targeting" "15.0.0-canary.bc9ae6c9c.0"
    "@material/list" "15.0.0-canary.bc9ae6c9c.0"
    "@material/menu-surface" "15.0.0-canary.bc9ae6c9c.0"
    "@material/ripple" "15.0.0-canary.bc9ae6c9c.0"
    "@material/rtl" "15.0.0-canary.bc9ae6c9c.0"
    "@material/shape" "15.0.0-canary.bc9ae6c9c.0"
    "@material/theme" "15.0.0-canary.bc9ae6c9c.0"
    "@material/tokens" "15.0.0-canary.bc9ae6c9c.0"
    tslib "^2.1.0"

"@material/notched-outline@15.0.0-canary.bc9ae6c9c.0":
  version "15.0.0-canary.bc9ae6c9c.0"
  resolved "https://registry.yarnpkg.com/@material/notched-outline/-/notched-outline-15.0.0-canary.bc9ae6c9c.0.tgz#94d4c7646e75fad9ca78ad66487a3f7445030664"
  integrity sha512-WuurMg44xexkvLTBTnsO0A+qnzFjpcPdvgWBGstBepYozsvSF9zJGdb1x7Zv1MmqbpYh/Ohnuxtb/Y3jOh6irg==
  dependencies:
    "@material/base" "15.0.0-canary.bc9ae6c9c.0"
    "@material/feature-targeting" "15.0.0-canary.bc9ae6c9c.0"
    "@material/floating-label" "15.0.0-canary.bc9ae6c9c.0"
    "@material/rtl" "15.0.0-canary.bc9ae6c9c.0"
    "@material/shape" "15.0.0-canary.bc9ae6c9c.0"
    "@material/theme" "15.0.0-canary.bc9ae6c9c.0"
    tslib "^2.1.0"

"@material/progress-indicator@15.0.0-canary.bc9ae6c9c.0":
  version "15.0.0-canary.bc9ae6c9c.0"
  resolved "https://registry.yarnpkg.com/@material/progress-indicator/-/progress-indicator-15.0.0-canary.bc9ae6c9c.0.tgz#b440bff7e8b351af7eaf8fa7663f451e7ee112f4"
  integrity sha512-uOnsvqw5F2fkeTnTl4MrYzjI7KCLmmLyZaM0cgLNuLsWVlddQE+SGMl28tENx7DUK3HebWq0FxCP8f25LuDD+w==
  dependencies:
    tslib "^2.1.0"

"@material/radio@15.0.0-canary.bc9ae6c9c.0":
  version "15.0.0-canary.bc9ae6c9c.0"
  resolved "https://registry.yarnpkg.com/@material/radio/-/radio-15.0.0-canary.bc9ae6c9c.0.tgz#18a1724eb4d394faf7a485f116c8353d3685c0ee"
  integrity sha512-ehzOK+U1IxQN+OQjgD2lsnf1t7t7RAwQzeO6Czkiuid29ookYbQynWuLWk7NW8H8ohl7lnmfqTP1xSNkkL/F0g==
  dependencies:
    "@material/animation" "15.0.0-canary.bc9ae6c9c.0"
    "@material/base" "15.0.0-canary.bc9ae6c9c.0"
    "@material/density" "15.0.0-canary.bc9ae6c9c.0"
    "@material/dom" "15.0.0-canary.bc9ae6c9c.0"
    "@material/feature-targeting" "15.0.0-canary.bc9ae6c9c.0"
    "@material/focus-ring" "15.0.0-canary.bc9ae6c9c.0"
    "@material/ripple" "15.0.0-canary.bc9ae6c9c.0"
    "@material/theme" "15.0.0-canary.bc9ae6c9c.0"
    "@material/touch-target" "15.0.0-canary.bc9ae6c9c.0"
    tslib "^2.1.0"

"@material/ripple@15.0.0-canary.bc9ae6c9c.0":
  version "15.0.0-canary.bc9ae6c9c.0"
  resolved "https://registry.yarnpkg.com/@material/ripple/-/ripple-15.0.0-canary.bc9ae6c9c.0.tgz#1b64bdb47d1e5016bb0663d8b045a7e63048ad86"
  integrity sha512-JfLW+g3GMVDv4cruQ19+HUxpKVdWCldFlIPw1UYezz2h3WTNDy05S3uP2zUdXzZ01C3dkBFviv4nqZ0GCT16MA==
  dependencies:
    "@material/animation" "15.0.0-canary.bc9ae6c9c.0"
    "@material/base" "15.0.0-canary.bc9ae6c9c.0"
    "@material/dom" "15.0.0-canary.bc9ae6c9c.0"
    "@material/feature-targeting" "15.0.0-canary.bc9ae6c9c.0"
    "@material/rtl" "15.0.0-canary.bc9ae6c9c.0"
    "@material/theme" "15.0.0-canary.bc9ae6c9c.0"
    tslib "^2.1.0"

"@material/rtl@15.0.0-canary.bc9ae6c9c.0":
  version "15.0.0-canary.bc9ae6c9c.0"
  resolved "https://registry.yarnpkg.com/@material/rtl/-/rtl-15.0.0-canary.bc9ae6c9c.0.tgz#a9ba66d0cec2d1d38892d3e9cb65157fcf012dfa"
  integrity sha512-SkKLNLFp5QtG7/JEFg9R92qq4MzTcZ5As6sWbH7rRg6ahTHoJEuqE+pOb9Vrtbj84k5gtX+vCYPvCILtSlr2uw==
  dependencies:
    "@material/theme" "15.0.0-canary.bc9ae6c9c.0"
    tslib "^2.1.0"

"@material/segmented-button@15.0.0-canary.bc9ae6c9c.0":
  version "15.0.0-canary.bc9ae6c9c.0"
  resolved "https://registry.yarnpkg.com/@material/segmented-button/-/segmented-button-15.0.0-canary.bc9ae6c9c.0.tgz#635e5a7dee12163b08a78872a0cacd4121024abd"
  integrity sha512-YDwkCWP9l5mIZJ7pZJZ2hMDxfBlIGVJ+deNzr8O+Z7/xC5LGXbl4R5aPtUVHygvXAXxpf5096ZD+dSXzYzvWlw==
  dependencies:
    "@material/base" "15.0.0-canary.bc9ae6c9c.0"
    "@material/elevation" "15.0.0-canary.bc9ae6c9c.0"
    "@material/feature-targeting" "15.0.0-canary.bc9ae6c9c.0"
    "@material/ripple" "15.0.0-canary.bc9ae6c9c.0"
    "@material/theme" "15.0.0-canary.bc9ae6c9c.0"
    "@material/touch-target" "15.0.0-canary.bc9ae6c9c.0"
    "@material/typography" "15.0.0-canary.bc9ae6c9c.0"
    tslib "^2.1.0"

"@material/select@15.0.0-canary.bc9ae6c9c.0":
  version "15.0.0-canary.bc9ae6c9c.0"
  resolved "https://registry.yarnpkg.com/@material/select/-/select-15.0.0-canary.bc9ae6c9c.0.tgz#bd5039d0cb123fef358e85fdd4a002556f11598b"
  integrity sha512-unfOWVf7T0sixVG+3k3RTuATfzqvCF6QAzA6J9rlCh/Tq4HuIBNDdV4z19IVu4zwmgWYxY0iSvqWUvdJJYwakQ==
  dependencies:
    "@material/animation" "15.0.0-canary.bc9ae6c9c.0"
    "@material/base" "15.0.0-canary.bc9ae6c9c.0"
    "@material/density" "15.0.0-canary.bc9ae6c9c.0"
    "@material/dom" "15.0.0-canary.bc9ae6c9c.0"
    "@material/elevation" "15.0.0-canary.bc9ae6c9c.0"
    "@material/feature-targeting" "15.0.0-canary.bc9ae6c9c.0"
    "@material/floating-label" "15.0.0-canary.bc9ae6c9c.0"
    "@material/line-ripple" "15.0.0-canary.bc9ae6c9c.0"
    "@material/list" "15.0.0-canary.bc9ae6c9c.0"
    "@material/menu" "15.0.0-canary.bc9ae6c9c.0"
    "@material/menu-surface" "15.0.0-canary.bc9ae6c9c.0"
    "@material/notched-outline" "15.0.0-canary.bc9ae6c9c.0"
    "@material/ripple" "15.0.0-canary.bc9ae6c9c.0"
    "@material/rtl" "15.0.0-canary.bc9ae6c9c.0"
    "@material/shape" "15.0.0-canary.bc9ae6c9c.0"
    "@material/theme" "15.0.0-canary.bc9ae6c9c.0"
    "@material/tokens" "15.0.0-canary.bc9ae6c9c.0"
    "@material/typography" "15.0.0-canary.bc9ae6c9c.0"
    tslib "^2.1.0"

"@material/shape@15.0.0-canary.bc9ae6c9c.0":
  version "15.0.0-canary.bc9ae6c9c.0"
  resolved "https://registry.yarnpkg.com/@material/shape/-/shape-15.0.0-canary.bc9ae6c9c.0.tgz#c597f8e439dc40799d2de3cfa62006faaf334a20"
  integrity sha512-Dsvr771ZKC46ODzoixLdGwlLEQLfxfLrtnRojXABoZf5G3o9KtJU+J+5Ld5aa960OAsCzzANuaub4iR88b1guA==
  dependencies:
    "@material/feature-targeting" "15.0.0-canary.bc9ae6c9c.0"
    "@material/rtl" "15.0.0-canary.bc9ae6c9c.0"
    "@material/theme" "15.0.0-canary.bc9ae6c9c.0"
    tslib "^2.1.0"

"@material/slider@15.0.0-canary.bc9ae6c9c.0":
  version "15.0.0-canary.bc9ae6c9c.0"
  resolved "https://registry.yarnpkg.com/@material/slider/-/slider-15.0.0-canary.bc9ae6c9c.0.tgz#5f9fa85cb0b95f45042b14a510d20ae894ee027c"
  integrity sha512-3AEu+7PwW4DSNLndue47dh2u7ga4hDJRYmuu7wnJCIWJBnLCkp6C92kNc4Rj5iQY2ftJio5aj1gqryluh5tlYg==
  dependencies:
    "@material/animation" "15.0.0-canary.bc9ae6c9c.0"
    "@material/base" "15.0.0-canary.bc9ae6c9c.0"
    "@material/dom" "15.0.0-canary.bc9ae6c9c.0"
    "@material/elevation" "15.0.0-canary.bc9ae6c9c.0"
    "@material/feature-targeting" "15.0.0-canary.bc9ae6c9c.0"
    "@material/ripple" "15.0.0-canary.bc9ae6c9c.0"
    "@material/rtl" "15.0.0-canary.bc9ae6c9c.0"
    "@material/theme" "15.0.0-canary.bc9ae6c9c.0"
    "@material/tokens" "15.0.0-canary.bc9ae6c9c.0"
    "@material/typography" "15.0.0-canary.bc9ae6c9c.0"
    tslib "^2.1.0"

"@material/snackbar@15.0.0-canary.bc9ae6c9c.0":
  version "15.0.0-canary.bc9ae6c9c.0"
  resolved "https://registry.yarnpkg.com/@material/snackbar/-/snackbar-15.0.0-canary.bc9ae6c9c.0.tgz#9f482fab88c3be85d06b450b67ac0008b6352875"
  integrity sha512-TwwQSYxfGK6mc03/rdDamycND6o+1p61WNd7ElZv1F1CLxB4ihRjbCoH7Qo+oVDaP8CTpjeclka+24RLhQq0mA==
  dependencies:
    "@material/animation" "15.0.0-canary.bc9ae6c9c.0"
    "@material/base" "15.0.0-canary.bc9ae6c9c.0"
    "@material/button" "15.0.0-canary.bc9ae6c9c.0"
    "@material/dom" "15.0.0-canary.bc9ae6c9c.0"
    "@material/elevation" "15.0.0-canary.bc9ae6c9c.0"
    "@material/feature-targeting" "15.0.0-canary.bc9ae6c9c.0"
    "@material/icon-button" "15.0.0-canary.bc9ae6c9c.0"
    "@material/ripple" "15.0.0-canary.bc9ae6c9c.0"
    "@material/rtl" "15.0.0-canary.bc9ae6c9c.0"
    "@material/shape" "15.0.0-canary.bc9ae6c9c.0"
    "@material/theme" "15.0.0-canary.bc9ae6c9c.0"
    "@material/tokens" "15.0.0-canary.bc9ae6c9c.0"
    "@material/typography" "15.0.0-canary.bc9ae6c9c.0"
    tslib "^2.1.0"

"@material/switch@15.0.0-canary.bc9ae6c9c.0":
  version "15.0.0-canary.bc9ae6c9c.0"
  resolved "https://registry.yarnpkg.com/@material/switch/-/switch-15.0.0-canary.bc9ae6c9c.0.tgz#3de9394d2f23dc7bcc57bf633dde68498356f194"
  integrity sha512-OjUjtT0kRz1ASAsOS+dNzwMwvsjmqy5edK57692qmrP6bL4GblFfBDoiNJ6t0AN4OaKcmL5Hy/xNrTdOZW7Qqw==
  dependencies:
    "@material/animation" "15.0.0-canary.bc9ae6c9c.0"
    "@material/base" "15.0.0-canary.bc9ae6c9c.0"
    "@material/density" "15.0.0-canary.bc9ae6c9c.0"
    "@material/dom" "15.0.0-canary.bc9ae6c9c.0"
    "@material/elevation" "15.0.0-canary.bc9ae6c9c.0"
    "@material/feature-targeting" "15.0.0-canary.bc9ae6c9c.0"
    "@material/focus-ring" "15.0.0-canary.bc9ae6c9c.0"
    "@material/ripple" "15.0.0-canary.bc9ae6c9c.0"
    "@material/rtl" "15.0.0-canary.bc9ae6c9c.0"
    "@material/shape" "15.0.0-canary.bc9ae6c9c.0"
    "@material/theme" "15.0.0-canary.bc9ae6c9c.0"
    "@material/tokens" "15.0.0-canary.bc9ae6c9c.0"
    safevalues "^0.3.4"
    tslib "^2.1.0"

"@material/tab-bar@15.0.0-canary.bc9ae6c9c.0":
  version "15.0.0-canary.bc9ae6c9c.0"
  resolved "https://registry.yarnpkg.com/@material/tab-bar/-/tab-bar-15.0.0-canary.bc9ae6c9c.0.tgz#952ce40f811a8fe1d54c1698454c9baf84a57e9d"
  integrity sha512-Xmtq0wJGfu5k+zQeFeNsr4bUKv7L+feCmUp/gsapJ655LQKMXOUQZtSv9ZqWOfrCMy55hoF1CzGFV+oN3tyWWQ==
  dependencies:
    "@material/animation" "15.0.0-canary.bc9ae6c9c.0"
    "@material/base" "15.0.0-canary.bc9ae6c9c.0"
    "@material/density" "15.0.0-canary.bc9ae6c9c.0"
    "@material/elevation" "15.0.0-canary.bc9ae6c9c.0"
    "@material/feature-targeting" "15.0.0-canary.bc9ae6c9c.0"
    "@material/tab" "15.0.0-canary.bc9ae6c9c.0"
    "@material/tab-indicator" "15.0.0-canary.bc9ae6c9c.0"
    "@material/tab-scroller" "15.0.0-canary.bc9ae6c9c.0"
    "@material/theme" "15.0.0-canary.bc9ae6c9c.0"
    "@material/tokens" "15.0.0-canary.bc9ae6c9c.0"
    "@material/typography" "15.0.0-canary.bc9ae6c9c.0"
    tslib "^2.1.0"

"@material/tab-indicator@15.0.0-canary.bc9ae6c9c.0":
  version "15.0.0-canary.bc9ae6c9c.0"
  resolved "https://registry.yarnpkg.com/@material/tab-indicator/-/tab-indicator-15.0.0-canary.bc9ae6c9c.0.tgz#be37f0cf107c23da64efd4f385130d7d22a55b9c"
  integrity sha512-despCJYi1GrDDq7F2hvLQkObHnSLZPPDxnOzU16zJ6FNYvIdszgfzn2HgAZ6pl5hLOexQ8cla6cAqjTDuaJBhQ==
  dependencies:
    "@material/animation" "15.0.0-canary.bc9ae6c9c.0"
    "@material/base" "15.0.0-canary.bc9ae6c9c.0"
    "@material/feature-targeting" "15.0.0-canary.bc9ae6c9c.0"
    "@material/theme" "15.0.0-canary.bc9ae6c9c.0"
    tslib "^2.1.0"

"@material/tab-scroller@15.0.0-canary.bc9ae6c9c.0":
  version "15.0.0-canary.bc9ae6c9c.0"
  resolved "https://registry.yarnpkg.com/@material/tab-scroller/-/tab-scroller-15.0.0-canary.bc9ae6c9c.0.tgz#fb7f85a6d89cc3ec60c398cf637d201262b9c749"
  integrity sha512-QWHG/EWxirj4V9u2IHz+OSY9XCWrnNrPnNgEufxAJVUKV/A8ma1DYeFSQqxhX709R8wKGdycJksg0Flkl7Gq7w==
  dependencies:
    "@material/animation" "15.0.0-canary.bc9ae6c9c.0"
    "@material/base" "15.0.0-canary.bc9ae6c9c.0"
    "@material/dom" "15.0.0-canary.bc9ae6c9c.0"
    "@material/feature-targeting" "15.0.0-canary.bc9ae6c9c.0"
    "@material/tab" "15.0.0-canary.bc9ae6c9c.0"
    tslib "^2.1.0"

"@material/tab@15.0.0-canary.bc9ae6c9c.0":
  version "15.0.0-canary.bc9ae6c9c.0"
  resolved "https://registry.yarnpkg.com/@material/tab/-/tab-15.0.0-canary.bc9ae6c9c.0.tgz#447482c5d13ce95fa502769e1f4bd91aa28b499f"
  integrity sha512-s/L9otAwn/pZwVQZBRQJmPqYeNbjoEbzbjMpDQf/VBG/6dJ+aP03ilIBEkqo8NVnCoChqcdtVCoDNRtbU+yp6w==
  dependencies:
    "@material/base" "15.0.0-canary.bc9ae6c9c.0"
    "@material/elevation" "15.0.0-canary.bc9ae6c9c.0"
    "@material/feature-targeting" "15.0.0-canary.bc9ae6c9c.0"
    "@material/focus-ring" "15.0.0-canary.bc9ae6c9c.0"
    "@material/ripple" "15.0.0-canary.bc9ae6c9c.0"
    "@material/rtl" "15.0.0-canary.bc9ae6c9c.0"
    "@material/tab-indicator" "15.0.0-canary.bc9ae6c9c.0"
    "@material/theme" "15.0.0-canary.bc9ae6c9c.0"
    "@material/tokens" "15.0.0-canary.bc9ae6c9c.0"
    "@material/typography" "15.0.0-canary.bc9ae6c9c.0"
    tslib "^2.1.0"

"@material/textfield@15.0.0-canary.bc9ae6c9c.0":
  version "15.0.0-canary.bc9ae6c9c.0"
  resolved "https://registry.yarnpkg.com/@material/textfield/-/textfield-15.0.0-canary.bc9ae6c9c.0.tgz#177df6b286da09015153a3eadb9f6e7ddd990676"
  integrity sha512-R3qRex9kCaZIAK8DuxPnVC42R0OaW7AB7fsFknDKeTeVQvRcbnV8E+iWSdqTiGdsi6QQHifX8idUrXw+O45zPw==
  dependencies:
    "@material/animation" "15.0.0-canary.bc9ae6c9c.0"
    "@material/base" "15.0.0-canary.bc9ae6c9c.0"
    "@material/density" "15.0.0-canary.bc9ae6c9c.0"
    "@material/dom" "15.0.0-canary.bc9ae6c9c.0"
    "@material/feature-targeting" "15.0.0-canary.bc9ae6c9c.0"
    "@material/floating-label" "15.0.0-canary.bc9ae6c9c.0"
    "@material/line-ripple" "15.0.0-canary.bc9ae6c9c.0"
    "@material/notched-outline" "15.0.0-canary.bc9ae6c9c.0"
    "@material/ripple" "15.0.0-canary.bc9ae6c9c.0"
    "@material/rtl" "15.0.0-canary.bc9ae6c9c.0"
    "@material/shape" "15.0.0-canary.bc9ae6c9c.0"
    "@material/theme" "15.0.0-canary.bc9ae6c9c.0"
    "@material/tokens" "15.0.0-canary.bc9ae6c9c.0"
    "@material/typography" "15.0.0-canary.bc9ae6c9c.0"
    tslib "^2.1.0"

"@material/theme@15.0.0-canary.bc9ae6c9c.0":
  version "15.0.0-canary.bc9ae6c9c.0"
  resolved "https://registry.yarnpkg.com/@material/theme/-/theme-15.0.0-canary.bc9ae6c9c.0.tgz#32e8571f6b323cafb3f2f6104c06e40f2d7f37e3"
  integrity sha512-CpUwXGE0dbhxQ45Hu9r9wbJtO/MAlv5ER4tBHA9tp/K+SU+lDgurBE2touFMg5INmdfVNtdumxb0nPPLaNQcUg==
  dependencies:
    "@material/feature-targeting" "15.0.0-canary.bc9ae6c9c.0"
    tslib "^2.1.0"

"@material/tokens@15.0.0-canary.bc9ae6c9c.0":
  version "15.0.0-canary.bc9ae6c9c.0"
  resolved "https://registry.yarnpkg.com/@material/tokens/-/tokens-15.0.0-canary.bc9ae6c9c.0.tgz#b6833e9186d85c0707ebac2992098b345fe86ecd"
  integrity sha512-nbEuGj05txWz6ZMUanpM47SaAD7soyjKILR+XwDell9Zg3bGhsnexCNXPEz2fD+YgomS+jM5XmIcaJJHg/H93Q==
  dependencies:
    "@material/elevation" "15.0.0-canary.bc9ae6c9c.0"

"@material/tooltip@15.0.0-canary.bc9ae6c9c.0":
  version "15.0.0-canary.bc9ae6c9c.0"
  resolved "https://registry.yarnpkg.com/@material/tooltip/-/tooltip-15.0.0-canary.bc9ae6c9c.0.tgz#e5703754d44d0daf9fccbaa66fc4dd3aa22b2a5b"
  integrity sha512-UzuXp0b9NuWuYLYpPguxrjbJnCmT/Cco8CkjI/6JajxaeA3o2XEBbQfRMTq8PTafuBjCHTc0b0mQY7rtxUp1Gg==
  dependencies:
    "@material/animation" "15.0.0-canary.bc9ae6c9c.0"
    "@material/base" "15.0.0-canary.bc9ae6c9c.0"
    "@material/button" "15.0.0-canary.bc9ae6c9c.0"
    "@material/dom" "15.0.0-canary.bc9ae6c9c.0"
    "@material/elevation" "15.0.0-canary.bc9ae6c9c.0"
    "@material/feature-targeting" "15.0.0-canary.bc9ae6c9c.0"
    "@material/rtl" "15.0.0-canary.bc9ae6c9c.0"
    "@material/shape" "15.0.0-canary.bc9ae6c9c.0"
    "@material/theme" "15.0.0-canary.bc9ae6c9c.0"
    "@material/tokens" "15.0.0-canary.bc9ae6c9c.0"
    "@material/typography" "15.0.0-canary.bc9ae6c9c.0"
    safevalues "^0.3.4"
    tslib "^2.1.0"

"@material/top-app-bar@15.0.0-canary.bc9ae6c9c.0":
  version "15.0.0-canary.bc9ae6c9c.0"
  resolved "https://registry.yarnpkg.com/@material/top-app-bar/-/top-app-bar-15.0.0-canary.bc9ae6c9c.0.tgz#e996435725f36991a6ca80604e032d21527e076d"
  integrity sha512-vJWjsvqtdSD5+yQ/9vgoBtBSCvPJ5uF/DVssv8Hdhgs1PYaAcODUi77kdi0+sy/TaWyOsTkQixqmwnFS16zesA==
  dependencies:
    "@material/animation" "15.0.0-canary.bc9ae6c9c.0"
    "@material/base" "15.0.0-canary.bc9ae6c9c.0"
    "@material/elevation" "15.0.0-canary.bc9ae6c9c.0"
    "@material/ripple" "15.0.0-canary.bc9ae6c9c.0"
    "@material/rtl" "15.0.0-canary.bc9ae6c9c.0"
    "@material/shape" "15.0.0-canary.bc9ae6c9c.0"
    "@material/theme" "15.0.0-canary.bc9ae6c9c.0"
    "@material/typography" "15.0.0-canary.bc9ae6c9c.0"
    tslib "^2.1.0"

"@material/touch-target@15.0.0-canary.bc9ae6c9c.0":
  version "15.0.0-canary.bc9ae6c9c.0"
  resolved "https://registry.yarnpkg.com/@material/touch-target/-/touch-target-15.0.0-canary.bc9ae6c9c.0.tgz#3416302f86483510e47a8aef9392b0a77784652d"
  integrity sha512-AqYh9fjt+tv4ZE0C6MeYHblS2H+XwLbDl2mtyrK0DOEnCVQk5/l5ImKDfhrUdFWHvS4a5nBM4AA+sa7KaroLoA==
  dependencies:
    "@material/base" "15.0.0-canary.bc9ae6c9c.0"
    "@material/feature-targeting" "15.0.0-canary.bc9ae6c9c.0"
    "@material/rtl" "15.0.0-canary.bc9ae6c9c.0"
    "@material/theme" "15.0.0-canary.bc9ae6c9c.0"
    tslib "^2.1.0"

"@material/typography@15.0.0-canary.bc9ae6c9c.0":
  version "15.0.0-canary.bc9ae6c9c.0"
  resolved "https://registry.yarnpkg.com/@material/typography/-/typography-15.0.0-canary.bc9ae6c9c.0.tgz#1ca0641ef8a91945ca01a1aa6651db434741b37b"
  integrity sha512-CKsG1zyv34AKPNyZC8olER2OdPII64iR2SzQjpqh1UUvmIFiMPk23LvQ1OnC5aCB14pOXzmVgvJt31r9eNdZ6Q==
  dependencies:
    "@material/feature-targeting" "15.0.0-canary.bc9ae6c9c.0"
    "@material/theme" "15.0.0-canary.bc9ae6c9c.0"
    tslib "^2.1.0"

entities@^4.4.0:
  version "4.5.0"
  resolved "https://registry.yarnpkg.com/entities/-/entities-4.5.0.tgz#5d268ea5e7113ec74c4d033b79ea5a35a488fb48"
  integrity sha512-V0hjH4dGPh9Ao5p0MoRY6BVqtwCjhz6vI5LT8AJ55H+4g9/4vbHx1I54fS0XuclLhDHArPQCiMjDxjaL8fPxhw==

parse5@^7.1.2:
  version "7.1.2"
  resolved "https://registry.yarnpkg.com/parse5/-/parse5-7.1.2.tgz#0736bebbfd77793823240a23b7fc5e010b7f8e32"
  integrity sha512-Czj1WaSVpaoj0wbhMzLmWD69anp2WH7FXMB9n1Sy8/ZFF9jolSQVMu1Ij5WIyGmcBmhk7EOndpO4mIpihVqAXw==
  dependencies:
    entities "^4.4.0"

safevalues@^0.3.4:
  version "0.3.4"
  resolved "https://registry.yarnpkg.com/safevalues/-/safevalues-0.3.4.tgz#82e846a02b6956d7d40bf9f41e92e13fce0186db"
  integrity sha512-LRneZZRXNgjzwG4bDQdOTSbze3fHm1EAKN/8bePxnlEZiBmkYEDggaHbuvHI9/hoqHbGfsEA7tWS9GhYHZBBsw==

tslib@^2.1.0, tslib@^2.3.0:
  version "2.6.2"
  resolved "https://registry.yarnpkg.com/tslib/-/tslib-2.6.2.tgz#703ac29425e7b37cd6fd456e92404d46d1f3e4ae"
  integrity sha512-AEYxH93jGFPn/a2iVAwW87VuUIkR1FVUKB77NwMF7nBTDkDrrT/Hpt/IrCJ0QXhW27jTBDcf5ZY7w6RiqTMw2Q==
